%{
  "castore": {:hex, :castore, "1.0.10", "43bbeeac820f16c89f79721af1b3e092399b3a1ecc8df1a472738fd853574911", [:mix], [], "hexpm", "1b0b7ea14d889d9ea21202c43a4fa015eb913021cb535e8ed91946f4b77a8848"},
  "jason": {:hex, :jason, "1.4.4", "b9226785a9aa77b6857ca22832cffa5d5011a667207eb2a0ad56adb5db443b8a", [:mix], [{:decimal, "~> 1.0 or ~> 2.0", [hex: :decimal, repo: "hexpm", optional: true]}], "hexpm", "c5eb0cab91f094599f94d55bc63409236a8ec69a21a67814529e8d5f6cc90b3b"},
  "new_relic_agent": {:hex, :new_relic_agent, "1.30.0", "17175fa4c29bc19b0e360f518f93604675cc5f0822924aed1e50cfa2e46087d5", [:mix], [{:castore, ">= 0.1.0", [hex: :castore, repo: "hexpm", optional: false]}, {:ecto, ">= 3.9.5", [hex: :ecto, repo: "hexpm", optional: true]}, {:ecto_sql, ">= 3.4.0", [hex: :ecto_sql, repo: "hexpm", optional: true]}, {:jason, "~> 1.0", [hex: :jason, repo: "hexpm", optional: false]}, {:phoenix, ">= 1.5.5", [hex: :phoenix, repo: "hexpm", optional: true]}, {:plug, ">= 1.10.4", [hex: :plug, repo: "hexpm", optional: true]}, {:plug_cowboy, ">= 2.4.0", [hex: :plug_cowboy, repo: "hexpm", optional: true]}, {:redix, ">= 0.11.0", [hex: :redix, repo: "hexpm", optional: true]}, {:telemetry, "~> 0.4 or ~> 1.0", [hex: :telemetry, repo: "hexpm", optional: false]}], "hexpm", "09a9f065fc20d46a58e4e92126b53a7dffeb129bea955eba5b824697e4f25121"},
  "telemetry": {:hex, :telemetry, "1.3.0", "fedebbae410d715cf8e7062c96a1ef32ec22e764197f70cda73d82778d61e7a2", [:rebar3], [], "hexpm", "7015fc8919dbe63764f4b4b87a95b7c0996bd539e0d499be6ec9d7f3875b79e6"},
}
