%{
  "castore": {:hex, :castore, "1.0.11", "4bbd584741601eb658007339ea730b082cc61f3554cf2e8f39bf693a11b49073", [:mix], [], "hexpm", "e03990b4db988df56262852f20de0f659871c35154691427a5047f4967a16a62"},
  "jason": {:hex, :jason, "1.4.4", "b9226785a9aa77b6857ca22832cffa5d5011a667207eb2a0ad56adb5db443b8a", [:mix], [{:decimal, "~> 1.0 or ~> 2.0", [hex: :decimal, repo: "hexpm", optional: true]}], "hexpm", "c5eb0cab91f094599f94d55bc63409236a8ec69a21a67814529e8d5f6cc90b3b"},
  "new_relic_agent": {:hex, :new_relic_agent, "1.31.0", "d2e504c546697fa352425bb9c6f09e321bc3389c6a57fcc8588b6a9f92abcd20", [:mix], [{:absinthe, ">= 1.6.0", [hex: :absinthe, repo: "hexpm", optional: true]}, {:bandit, ">= 1.0.0", [hex: :bandit, repo: "hexpm", optional: true]}, {:castore, ">= 0.1.0", [hex: :castore, repo: "hexpm", optional: false]}, {:ecto, ">= 3.9.5", [hex: :ecto, repo: "hexpm", optional: true]}, {:ecto_sql, ">= 3.4.0", [hex: :ecto_sql, repo: "hexpm", optional: true]}, {:finch, ">= 0.18.0", [hex: :finch, repo: "hexpm", optional: true]}, {:jason, "~> 1.0", [hex: :jason, repo: "hexpm", optional: false]}, {:oban, ">= 2.0.0", [hex: :oban, repo: "hexpm", optional: true]}, {:phoenix, ">= 1.5.5", [hex: :phoenix, repo: "hexpm", optional: true]}, {:plug, ">= 1.10.4", [hex: :plug, repo: "hexpm", optional: true]}, {:plug_cowboy, ">= 2.4.0", [hex: :plug_cowboy, repo: "hexpm", optional: true]}, {:redix, ">= 0.11.0", [hex: :redix, repo: "hexpm", optional: true]}, {:telemetry, "~> 0.4 or ~> 1.0", [hex: :telemetry, repo: "hexpm", optional: false]}], "hexpm", "49f0ed2faedfbdbffead2e4db04ae6f584eae3804b64264149628c97ddc0e8b3"},
  "telemetry": {:hex, :telemetry, "1.3.0", "fedebbae410d715cf8e7062c96a1ef32ec22e764197f70cda73d82778d61e7a2", [:rebar3], [], "hexpm", "7015fc8919dbe63764f4b4b87a95b7c0996bd539e0d499be6ec9d7f3875b79e6"},
}
